<?xml version="1.0" encoding="UTF-8"?>
<Scheme
   version = "1.3">
   <BuildAction>
      <BuildActionEntries>
         <BuildActionEntry
            buildForRunning = "YES">
            <BuildableReference
               BuildableIdentifier = "primary"
               BlueprintIdentifier = "0EE9C76724F39FFF00115637"
               BuildableName = "StocksAppSwiftUI.app"
               BlueprintName = "StocksAppSwiftUI"
               ReferencedContainer = "container:StocksAppSwiftUI.xcodeproj">
            </BuildableReference>
         </BuildActionEntry>
      </BuildActionEntries>
   </BuildAction>
   <LaunchAction
      useCustomWorkingDirectory = "NO"
      buildConfiguration = "Debug"
      allowLocationSimulation = "YES">
      <BuildableProductRunnable>
         <BuildableReference
            BuildableIdentifier = "primary"
            BlueprintIdentifier = "0EE9C76724F39FFF00115637"
            BuildableName = "StocksAppSwiftUI.app"
            BlueprintName = "StocksAppSwiftUI"
            ReferencedContainer = "container:StocksAppSwiftUI.xcodeproj">
         </BuildableReference>
      </BuildableProductRunnable>
   </LaunchAction>
</Scheme>
